dependencies:
- name: postgresql
  repository: https://raw.githubusercontent.com/bitnami/charts/archive-full-index/bitnami
  version: 10.16.2
- name: common
  repository: file://charts/common
  version: 0.2.0
- name: rabbitmq
  repository: https://charts.bitnami.com/bitnami
  version: 11.4.0
digest: sha256:abafb62d07a0d0150c0087cb945064921fbd08cd05d22e9cb189812979179a84
generated: "2023-05-17T14:26:16.976854-07:00"
